
Microsoft Visual Studio Solution File, Format Version 12.00
# Visual Studio Version 16
VisualStudioVersion = 16.0.30804.86
MinimumVisualStudioVersion = 10.0.40219.1
Project("{FAE04EC0-301F-11D3-BF4B-00C04F79EFBC}") = "TechnicalSample", "TechnicalSample\TechnicalSample.csproj", "{403B6949-E646-428F-B87B-73CB037E16B0}"
EndProject
Global
	GlobalSection(SolutionConfigurationPlatforms) = preSolution
		Debug|Any CPU = Debug|Any CPU
		Release|Any CPU = Release|Any CPU
	EndGlobalSection
	GlobalSection(ProjectConfigurationPlatforms) = postSolution
		{403B6949-E646-428F-B87B-73CB037E16B0}.Debug|Any CPU.ActiveCfg = Debug|Any CPU
		{403B6949-E646-428F-B87B-73CB037E16B0}.Debug|Any CPU.Build.0 = Debug|Any CPU
		{403B6949-E646-428F-B87B-73CB037E16B0}.Release|Any CPU.ActiveCfg = Release|Any CPU
		{403B6949-E646-428F-B87B-73CB037E16B0}.Release|Any CPU.Build.0 = Release|Any CPU
	EndGlobalSection
	GlobalSection(SolutionProperties) = preSolution
		HideSolutionNode = FALSE
	EndGlobalSection
	GlobalSection(ExtensibilityGlobals) = postSolution
		SolutionGuid = {08D8EA42-0438-4CE0-9BBC-78D34B5BE34E}
	EndGlobalSection
EndGlobal
